{
  "name": "test",
  "version": "0.1.0",
  "lockfileVersion": 2,
  "requires": true,
  "packages": {
    "": {
      "name": "test",
      "version": "0.1.0",
      "dependencies": {
        "@next/font": "13.1.5",
        "framer-motion": "^10.11.2",
        "next": "13.1.5",
        "next-i18next": "^13.2.2",
        "react": "18.2.0",
        "react-chartjs-2": "^5.2.0",
        "react-dom": "18.2.0",
        "react-intl": "^6.4.2"
      }
    },
    "node_modules/@babel/runtime": {
      "version": "7.21.5",
      "resolved": "https://registry.npmjs.org/@babel/runtime/-/runtime-7.21.5.tgz",
      "integrity": "sha512-8jI69toZqqcsnqGGqwGS4Qb1VwLOEp4hz+CXPywcvjs60u3B4Pom/U/7rm4W8tMOYEB+E9wgD0mW1l3r8qlI9Q==",
      "dependencies": {
        "regenerator-runtime": "^0.13.11"
      },
      "engines": {
        "node": ">=6.9.0"
      }
    },
    "node_modules/@emotion/is-prop-valid": {
      "version": "0.8.8",
      "resolved": "https://registry.npmjs.org/@emotion/is-prop-valid/-/is-prop-valid-0.8.8.tgz",
      "integrity": "sha512-u5WtneEAr5IDG2Wv65yhunPSMLIpuKsbuOktRojfrEiEvRyC85LgPMZI63cr7NUqT8ZIGdSVg8ZKGxIug4lXcA==",
      "optional": true,
      "dependencies": {
        "@emotion/memoize": "0.7.4"
      }
    },
    "node_modules/@emotion/memoize": {
      "version": "0.7.4",
      "resolved": "https://registry.npmjs.org/@emotion/memoize/-/memoize-0.7.4.tgz",
      "integrity": "sha512-Ja/Vfqe3HpuzRsG1oBtWTHk2PGZ7GR+2Vz5iYGelAw8dx32K0y7PjVuxK6z1nMpZOqAFsRUPCkK1YjJ56qJlgw==",
      "optional": true
    },
    "node_modules/@formatjs/ecma402-abstract": {
      "version": "1.15.0",
      "resolved": "https://registry.npmjs.org/@formatjs/ecma402-abstract/-/ecma402-abstract-1.15.0.tgz",
      "integrity": "sha512-7bAYAv0w4AIao9DNg0avfOLTCPE9woAgs6SpXuMq11IN3A+l+cq8ghczwqSZBM11myvPSJA7vLn72q0rJ0QK6Q==",
      "dependencies": {
        "@formatjs/intl-localematcher": "0.2.32",
        "tslib": "^2.4.0"
      }
    },
    "node_modules/@formatjs/fast-memoize": {
      "version": "2.0.1",
      "resolved": "https://registry.npmjs.org/@formatjs/fast-memoize/-/fast-memoize-2.0.1.tgz",
      "integrity": "sha512-M2GgV+qJn5WJQAYewz7q2Cdl6fobQa69S1AzSM2y0P68ZDbK5cWrJIcPCO395Of1ksftGZoOt4LYCO/j9BKBSA==",
      "dependencies": {
        "tslib": "^2.4.0"
      }
    },
    "node_modules/@formatjs/icu-messageformat-parser": {
      "version": "2.4.0",
      "resolved": "https://registry.npmjs.org/@formatjs/icu-messageformat-parser/-/icu-messageformat-parser-2.4.0.tgz",
      "integrity": "sha512-6Dh5Z/gp4F/HovXXu/vmd0If5NbYLB5dZrmhWVNb+BOGOEU3wt7Z/83KY1dtd7IDhAnYHasbmKE1RbTE0J+3hw==",
      "dependencies": {
        "@formatjs/ecma402-abstract": "1.15.0",
        "@formatjs/icu-skeleton-parser": "1.4.0",
        "tslib": "^2.4.0"
      }
    },
    "node_modules/@formatjs/icu-skeleton-parser": {
      "version": "1.4.0",
      "resolved": "https://registry.npmjs.org/@formatjs/icu-skeleton-parser/-/icu-skeleton-parser-1.4.0.tgz",
      "integrity": "sha512-Qq347VM616rVLkvN6QsKJELazRyNlbCiN47LdH0Mc5U7E2xV0vatiVhGqd3KFgbc055BvtnUXR7XX60dCGFuWg==",
      "dependencies": {
        "@formatjs/ecma402-abstract": "1.15.0",
        "tslib": "^2.4.0"
      }
    },
    "node_modules/@formatjs/intl": {
      "version": "2.7.2",
      "resolved": "https://registry.npmjs.org/@formatjs/intl/-/intl-2.7.2.tgz",
      "integrity": "sha512-ziiQfnXwY0/rXhtohSAmYMqDjRsihoMKdl8H2aA+FvxG9638E0XrvfBFCb+1HhimNiuqRz5fTY7F/bZtsJxsjA==",
      "dependencies": {
        "@formatjs/ecma402-abstract": "1.15.0",
        "@formatjs/fast-memoize": "2.0.1",
        "@formatjs/icu-messageformat-parser": "2.4.0",
        "@formatjs/intl-displaynames": "6.3.2",
        "@formatjs/intl-listformat": "7.2.2",
        "intl-messageformat": "10.3.5",
        "tslib": "^2.4.0"
      },
      "peerDependencies": {
        "typescript": "^4.7 || 5"
      },
      "peerDependenciesMeta": {
        "typescript": {
          "optional": true
        }
      }
    },
    "node_modules/@formatjs/intl-displaynames": {
      "version": "6.3.2",
      "resolved": "https://registry.npmjs.org/@formatjs/intl-displaynames/-/intl-displaynames-6.3.2.tgz",
      "integrity": "sha512-kBOh0O7QYKLUqaZujLSEF2+au017plPp63R6Hrokl+oDtLyTt9y9pEuCTbOKh/P8CC9THnDLKRKgeVWZw5Ek8A==",
      "dependencies": {
        "@formatjs/ecma402-abstract": "1.15.0",
        "@formatjs/intl-localematcher": "0.2.32",
        "tslib": "^2.4.0"
      }
    },
    "node_modules/@formatjs/intl-listformat": {
      "version": "7.2.2",
      "resolved": "https://registry.npmjs.org/@formatjs/intl-listformat/-/intl-listformat-7.2.2.tgz",
      "integrity": "sha512-YIruRGwUrmgVOXjWi6VbwPcRNBkEfgK2DFjyyqopCmpfJ+39vnl46oLpVchErnuXs6kkARy5GcGaGV7xRsH4lw==",
      "dependencies": {
        "@formatjs/ecma402-abstract": "1.15.0",
        "@formatjs/intl-localematcher": "0.2.32",
        "tslib": "^2.4.0"
      }
    },
    "node_modules/@formatjs/intl-localematcher": {
      "version": "0.2.32",
      "resolved": "https://registry.npmjs.org/@formatjs/intl-localematcher/-/intl-localematcher-0.2.32.tgz",
      "integrity": "sha512-k/MEBstff4sttohyEpXxCmC3MqbUn9VvHGlZ8fauLzkbwXmVrEeyzS+4uhrvAk9DWU9/7otYWxyDox4nT/KVLQ==",
      "dependencies": {
        "tslib": "^2.4.0"
      }
    },
    "node_modules/@kurkle/color": {
      "version": "0.3.2",
      "resolved": "https://registry.npmjs.org/@kurkle/color/-/color-0.3.2.tgz",
      "integrity": "sha512-fuscdXJ9G1qb7W8VdHi+IwRqij3lBkosAm4ydQtEmbY58OzHXqQhvlxqEkoz0yssNVn38bcpRWgA9PP+OGoisw==",
      "peer": true
    },
    "node_modules/@next/env": {
      "version": "13.1.5",
      "resolved": "https://registry.npmjs.org/@next/env/-/env-13.1.5.tgz",
      "integrity": "sha512-0Ry4NhJy6qLbXhvxPRUQ1H6RzgtryGdUto7hfgAK0Iw/bScgeVjwLZdfhm2iT7qsOS32apo9cWzLCxjc6iGPsA=="
    },
    "node_modules/@next/font": {
      "version": "13.1.5",
      "resolved": "https://registry.npmjs.org/@next/font/-/font-13.1.5.tgz",
      "integrity": "sha512-6M5R6yC3JkdJiqo/YJxDp6+0vDn0smXOAzl8uHt4qmDS2u53ji/19K0HM51d+5kg8xntDi+N2hw7YjaU9inkNA=="
    },
    "node_modules/@next/swc-android-arm-eabi": {
      "version": "13.1.5",
      "resolved": "https://registry.npmjs.org/@next/swc-android-arm-eabi/-/swc-android-arm-eabi-13.1.5.tgz",
      "integrity": "sha512-QAEf3YM9U0qWVQTxgF3Tsh4OeCN1i9Smsf6cVlwZsPzoLyj2nQ879joCoN+ONqDknkBgG6OG/ajefywL3jw9Cg==",
      "cpu": [
        "arm"
      ],
      "optional": true,
      "os": [
        "android"
      ],
      "engines": {
        "node": ">= 10"
      }
    },
    "node_modules/@next/swc-android-arm64": {
      "version": "13.1.5",
      "resolved": "https://registry.npmjs.org/@next/swc-android-arm64/-/swc-android-arm64-13.1.5.tgz",
      "integrity": "sha512-ZmtGPTghRuT5YKL0nNcC2bBVSiG1O0is16eIZ2rWSP/hRW64ZCcAew6pxw2rihntNp22UfequjSTHd91WE/tyQ==",
      "cpu": [
        "arm64"
      ],
      "optional": true,
      "os": [
        "android"
      ],
      "engines": {
        "node": ">= 10"
      }
    },
    "node_modules/@next/swc-darwin-arm64": {
      "version": "13.1.5",
      "resolved": "https://registry.npmjs.org/@next/swc-darwin-arm64/-/swc-darwin-arm64-13.1.5.tgz",
      "integrity": "sha512-aeFXK+M/zmG/CNdMJ0tGNs0MWcLueUe7vZ2V6fa+2yz/ZgYJLI7fEfFvVh1p1yBMzupSbZDowvMuCSFTaeg3MA==",
      "cpu": [
        "arm64"
      ],
      "optional": true,
      "os": [
        "darwin"
      ],
      "engines": {
        "node": ">= 10"
      }
    },
    "node_modules/@next/swc-darwin-x64": {
      "version": "13.1.5",
      "resolved": "https://registry.npmjs.org/@next/swc-darwin-x64/-/swc-darwin-x64-13.1.5.tgz",
      "integrity": "sha512-6mPX0GNRg8NzjV70at8I8pD9YBnPHDpxJCoMuIqysdTjtQhd09Xk6GUhquNhp1kEJzzVk7OW5l2ch4XIJjtY3A==",
      "cpu": [
        "x64"
      ],
      "optional": true,
      "os": [
        "darwin"
      ],
      "engines": {
        "node": ">= 10"
      }
    },
    "node_modules/@next/swc-freebsd-x64": {
      "version": "13.1.5",
      "resolved": "https://registry.npmjs.org/@next/swc-freebsd-x64/-/swc-freebsd-x64-13.1.5.tgz",
      "integrity": "sha512-nR4a/SNblG0w8hhYRflTZjk4yD99ld18w/FCftw99ziw8sgciBlOXRICJIiRIaMRU8UH7QLSgBOQVnfNcVNKMA==",
      "cpu": [
        "x64"
      ],
      "optional": true,
      "os": [
        "freebsd"
      ],
      "engines": {
        "node": ">= 10"
      }
    },
    "node_modules/@next/swc-linux-arm-gnueabihf": {
      "version": "13.1.5",
      "resolved": "https://registry.npmjs.org/@next/swc-linux-arm-gnueabihf/-/swc-linux-arm-gnueabihf-13.1.5.tgz",
      "integrity": "sha512-EzkltCVKg3gUzamoeKPhGeSgXTTLAhSzc7v/+g1Y+HQa7JKMrlzdRkrJf+H4LJXcz7lnxgNKHGRyZBSXnmJKJw==",
      "cpu": [
        "arm"
      ],
      "optional": true,
      "os": [
        "linux"
      ],
      "engines": {
        "node": ">= 10"
      }
    },
    "node_modules/@next/swc-linux-arm64-gnu": {
      "version": "13.1.5",
      "resolved": "https://registry.npmjs.org/@next/swc-linux-arm64-gnu/-/swc-linux-arm64-gnu-13.1.5.tgz",
      "integrity": "sha512-E7HMkdoxStmTUJU4KzBUU4vZ5DHT4Gd327tC3KFZS5lda0NRerJAOCfsRg+fBj22FvCb1UWsX6XI+weL6xhyeQ==",
      "cpu": [
        "arm64"
      ],
      "optional": true,
      "os": [
        "linux"
      ],
      "engines": {
        "node": ">= 10"
      }
    },
    "node_modules/@next/swc-linux-arm64-musl": {
      "version": "13.1.5",
      "resolved": "https://registry.npmjs.org/@next/swc-linux-arm64-musl/-/swc-linux-arm64-musl-13.1.5.tgz",
      "integrity": "sha512-qlO0Fd3GQwJS6YpbF9NyL5NGHVZ43dKtZDC/jP4vdeMIYDtSu13HcY/nmA1NdW+RpMwDxSCpx4WKsCCEZGIX8Q==",
      "cpu": [
        "arm64"
      ],
      "optional": true,
      "os": [
        "linux"
      ],
      "engines": {
        "node": ">= 10"
      }
    },
    "node_modules/@next/swc-linux-x64-gnu": {
      "version": "13.1.5",
      "resolved": "https://registry.npmjs.org/@next/swc-linux-x64-gnu/-/swc-linux-x64-gnu-13.1.5.tgz",
      "integrity": "sha512-GftSBFAay2nocGl+KNqFsj6EVSvomaM/bp86hzezbKsTwQmu76PjOCVcejI1gE+4k7f5zPDgCuorF6F04BV0HQ==",
      "cpu": [
        "x64"
      ],
      "optional": true,
      "os": [
        "linux"
      ],
      "engines": {
        "node": ">= 10"
      }
    },
    "node_modules/@next/swc-linux-x64-musl": {
      "version": "13.1.5",
      "resolved": "https://registry.npmjs.org/@next/swc-linux-x64-musl/-/swc-linux-x64-musl-13.1.5.tgz",
      "integrity": "sha512-UD+3lxU4yuAjd+uBkCDfBpAcbGAVfEcE8mX/efIxUGIImmzN0QzgTHYEpKFnY3Lxu02dIBcwQRT3Q5mfO4obng==",
      "cpu": [
        "x64"
      ],
      "optional": true,
      "os": [
        "linux"
      ],
      "engines": {
        "node": ">= 10"
      }
    },
    "node_modules/@next/swc-win32-arm64-msvc": {
      "version": "13.1.5",
      "resolved": "https://registry.npmjs.org/@next/swc-win32-arm64-msvc/-/swc-win32-arm64-msvc-13.1.5.tgz",
      "integrity": "sha512-uzsvkQY+K3EbL+97IUHPWZPwjsCmCkdH/O5Cf9wCnh0k0gaj7ob1mGKqr1vNNak+9U7HloGwuHcXnZpijWSP7w==",
      "cpu": [
        "arm64"
      ],
      "optional": true,
      "os": [
        "win32"
      ],
      "engines": {
        "node": ">= 10"
      }
    },
    "node_modules/@next/swc-win32-ia32-msvc": {
      "version": "13.1.5",
      "resolved": "https://registry.npmjs.org/@next/swc-win32-ia32-msvc/-/swc-win32-ia32-msvc-13.1.5.tgz",
      "integrity": "sha512-v0NaC1w8mPf620GlJaHBdEm3dm4G4AEQMasDqjzQvo0yCRrvtvzMgCIe8MocBxFHzaF6868NybMqvumxP5YxEg==",
      "cpu": [
        "ia32"
      ],
      "optional": true,
      "os": [
        "win32"
      ],
      "engines": {
        "node": ">= 10"
      }
    },
    "node_modules/@next/swc-win32-x64-msvc": {
      "version": "13.1.5",
      "resolved": "https://registry.npmjs.org/@next/swc-win32-x64-msvc/-/swc-win32-x64-msvc-13.1.5.tgz",
      "integrity": "sha512-IZHwvd649ccbWyLCfu92IXEpR250NpmBkaRelPV+WVm4jrd62FKRFCNdqdCXq6TrEg9wN8cK4YG8tm44uEZqLA==",
      "cpu": [
        "x64"
      ],
      "optional": true,
      "os": [
        "win32"
      ],
      "engines": {
        "node": ">= 10"
      }
    },
    "node_modules/@swc/helpers": {
      "version": "0.4.14",
      "resolved": "https://registry.npmjs.org/@swc/helpers/-/helpers-0.4.14.tgz",
      "integrity": "sha512-4C7nX/dvpzB7za4Ql9K81xK3HPxCpHMgwTZVyf+9JQ6VUbn9jjZVN7/Nkdz/Ugzs2CSjqnL/UPXroiVBVHUWUw==",
      "dependencies": {
        "tslib": "^2.4.0"
      }
    },
    "node_modules/@types/hoist-non-react-statics": {
      "version": "3.3.1",
      "resolved": "https://registry.npmjs.org/@types/hoist-non-react-statics/-/hoist-non-react-statics-3.3.1.tgz",
      "integrity": "sha512-iMIqiko6ooLrTh1joXodJK5X9xeEALT1kM5G3ZLhD3hszxBdIEd5C75U834D9mLcINgD4OyZf5uQXjkuYydWvA==",
      "dependencies": {
        "@types/react": "*",
        "hoist-non-react-statics": "^3.3.0"
      }
    },
    "node_modules/@types/prop-types": {
      "version": "15.7.5",
      "resolved": "https://registry.npmjs.org/@types/prop-types/-/prop-types-15.7.5.tgz",
      "integrity": "sha512-JCB8C6SnDoQf0cNycqd/35A7MjcnK+ZTqE7judS6o7utxUCg6imJg3QK2qzHKszlTjcj2cn+NwMB2i96ubpj7w=="
    },
    "node_modules/@types/react": {
      "version": "18.2.6",
      "resolved": "https://registry.npmjs.org/@types/react/-/react-18.2.6.tgz",
      "integrity": "sha512-wRZClXn//zxCFW+ye/D2qY65UsYP1Fpex2YXorHc8awoNamkMZSvBxwxdYVInsHOZZd2Ppq8isnSzJL5Mpf8OA==",
      "dependencies": {
        "@types/prop-types": "*",
        "@types/scheduler": "*",
        "csstype": "^3.0.2"
      }
    },
    "node_modules/@types/scheduler": {
      "version": "0.16.3",
      "resolved": "https://registry.npmjs.org/@types/scheduler/-/scheduler-0.16.3.tgz",
      "integrity": "sha512-5cJ8CB4yAx7BH1oMvdU0Jh9lrEXyPkar6F9G/ERswkCuvP4KQZfZkSjcMbAICCpQTN4OuZn8tz0HiKv9TGZgrQ=="
    },
    "node_modules/caniuse-lite": {
      "version": "1.0.30001449",
      "resolved": "https://registry.npmjs.org/caniuse-lite/-/caniuse-lite-1.0.30001449.tgz",
      "integrity": "sha512-CPB+UL9XMT/Av+pJxCKGhdx+yg1hzplvFJQlJ2n68PyQGMz9L/E2zCyLdOL8uasbouTUgnPl+y0tccI/se+BEw==",
      "funding": [
        {
          "type": "opencollective",
          "url": "https://opencollective.com/browserslist"
        },
        {
          "type": "tidelift",
          "url": "https://tidelift.com/funding/github/npm/caniuse-lite"
        }
      ]
    },
    "node_modules/chart.js": {
      "version": "4.2.1",
      "resolved": "https://registry.npmjs.org/chart.js/-/chart.js-4.2.1.tgz",
      "integrity": "sha512-6YbpQ0nt3NovAgOzbkSSeeAQu/3za1319dPUQTXn9WcOpywM8rGKxJHrhS8V8xEkAlk8YhEfjbuAPfUyp6jIsw==",
      "peer": true,
      "dependencies": {
        "@kurkle/color": "^0.3.0"
      },
      "engines": {
        "pnpm": "^7.0.0"
      }
    },
    "node_modules/client-only": {
      "version": "0.0.1",
      "resolved": "https://registry.npmjs.org/client-only/-/client-only-0.0.1.tgz",
      "integrity": "sha512-IV3Ou0jSMzZrd3pZ48nLkT9DA7Ag1pnPzaiQhpW7c3RbcqqzvzzVu+L8gfqMp/8IM2MQtSiqaCxrrcfu8I8rMA=="
    },
    "node_modules/core-js": {
      "version": "3.30.2",
      "resolved": "https://registry.npmjs.org/core-js/-/core-js-3.30.2.tgz",
      "integrity": "sha512-uBJiDmwqsbJCWHAwjrx3cvjbMXP7xD72Dmsn5LOJpiRmE3WbBbN5rCqQ2Qh6Ek6/eOrjlWngEynBWo4VxerQhg==",
      "hasInstallScript": true,
      "funding": {
        "type": "opencollective",
        "url": "https://opencollective.com/core-js"
      }
    },
    "node_modules/csstype": {
      "version": "3.1.2",
      "resolved": "https://registry.npmjs.org/csstype/-/csstype-3.1.2.tgz",
      "integrity": "sha512-I7K1Uu0MBPzaFKg4nI5Q7Vs2t+3gWWW648spaF+Rg7pI9ds18Ugn+lvg4SHczUdKlHI5LWBXyqfS8+DufyBsgQ=="
    },
    "node_modules/framer-motion": {
      "version": "10.11.2",
      "resolved": "https://registry.npmjs.org/framer-motion/-/framer-motion-10.11.2.tgz",
      "integrity": "sha512-IrwuC9regNOU99JoM/Z62CAMA3awGV6AcF7e3bcgXk/ZoNlGSt5aVq0J7UAwtLmCkwVlRvBkiMnvv2mZ1GW2pg==",
      "dependencies": {
        "tslib": "^2.4.0"
      },
      "optionalDependencies": {
        "@emotion/is-prop-valid": "^0.8.2"
      },
      "peerDependencies": {
        "react": "^18.0.0",
        "react-dom": "^18.0.0"
      },
      "peerDependenciesMeta": {
        "react": {
          "optional": true
        },
        "react-dom": {
          "optional": true
        }
      }
    },
    "node_modules/hoist-non-react-statics": {
      "version": "3.3.2",
      "resolved": "https://registry.npmjs.org/hoist-non-react-statics/-/hoist-non-react-statics-3.3.2.tgz",
      "integrity": "sha512-/gGivxi8JPKWNm/W0jSmzcMPpfpPLc3dY/6GxhX2hQ9iGj3aDfklV4ET7NjKpSinLpJ5vafa9iiGIEZg10SfBw==",
      "dependencies": {
        "react-is": "^16.7.0"
      }
    },
    "node_modules/html-parse-stringify": {
      "version": "3.0.1",
      "resolved": "https://registry.npmjs.org/html-parse-stringify/-/html-parse-stringify-3.0.1.tgz",
      "integrity": "sha512-KknJ50kTInJ7qIScF3jeaFRpMpE8/lfiTdzf/twXyPBLAGrLRTmkz3AdTnKeh40X8k9L2fdYwEp/42WGXIRGcg==",
      "peer": true,
      "dependencies": {
        "void-elements": "3.1.0"
      }
    },
    "node_modules/i18next": {
      "version": "22.4.15",
      "resolved": "https://registry.npmjs.org/i18next/-/i18next-22.4.15.tgz",
      "integrity": "sha512-yYudtbFrrmWKLEhl6jvKUYyYunj4bTBCe2qIUYAxbXoPusY7YmdwPvOE6fx6UIfWvmlbCWDItr7wIs8KEBZ5Zg==",
      "funding": [
        {
          "type": "individual",
          "url": "https://locize.com"
        },
        {
          "type": "individual",
          "url": "https://locize.com/i18next.html"
        },
        {
          "type": "individual",
          "url": "https://www.i18next.com/how-to/faq#i18next-is-awesome.-how-can-i-support-the-project"
        }
      ],
      "peer": true,
      "dependencies": {
        "@babel/runtime": "^7.20.6"
      }
    },
    "node_modules/i18next-fs-backend": {
      "version": "2.1.1",
      "resolved": "https://registry.npmjs.org/i18next-fs-backend/-/i18next-fs-backend-2.1.1.tgz",
      "integrity": "sha512-FTnj+UmNgT3YRml5ruRv0jMZDG7odOL/OP5PF5mOqvXud2vHrPOOs68Zdk6iqzL47cnnM0ZVkK2BAvpFeDJToA=="
    },
    "node_modules/intl-messageformat": {
      "version": "10.3.5",
      "resolved": "https://registry.npmjs.org/intl-messageformat/-/intl-messageformat-10.3.5.tgz",
      "integrity": "sha512-6kPkftF8Jg3XJCkGKa5OD+nYQ+qcSxF4ZkuDdXZ6KGG0VXn+iblJqRFyDdm9VvKcMyC0Km2+JlVQffFM52D0YA==",
      "dependencies": {
        "@formatjs/ecma402-abstract": "1.15.0",
        "@formatjs/fast-memoize": "2.0.1",
        "@formatjs/icu-messageformat-parser": "2.4.0",
        "tslib": "^2.4.0"
      }
    },
    "node_modules/js-tokens": {
      "version": "4.0.0",
      "resolved": "https://registry.npmjs.org/js-tokens/-/js-tokens-4.0.0.tgz",
      "integrity": "sha512-RdJUflcE3cUzKiMqQgsCu06FPu9UdIJO0beYbPhHN4k6apgJtifcoCtT9bcxOpYBtpD2kCM6Sbzg4CausW/PKQ=="
    },
    "node_modules/loose-envify": {
      "version": "1.4.0",
      "resolved": "https://registry.npmjs.org/loose-envify/-/loose-envify-1.4.0.tgz",
      "integrity": "sha512-lyuxPGr/Wfhrlem2CL/UcnUc1zcqKAImBDzukY7Y5F/yQiNdko6+fRLevlw1HgMySw7f611UIY408EtxRSoK3Q==",
      "dependencies": {
        "js-tokens": "^3.0.0 || ^4.0.0"
      },
      "bin": {
        "loose-envify": "cli.js"
      }
    },
    "node_modules/nanoid": {
      "version": "3.3.4",
      "resolved": "https://registry.npmjs.org/nanoid/-/nanoid-3.3.4.tgz",
      "integrity": "sha512-MqBkQh/OHTS2egovRtLk45wEyNXwF+cokD+1YPf9u5VfJiRdAiRwB2froX5Co9Rh20xs4siNPm8naNotSD6RBw==",
      "bin": {
        "nanoid": "bin/nanoid.cjs"
      },
      "engines": {
        "node": "^10 || ^12 || ^13.7 || ^14 || >=15.0.1"
      }
    },
    "node_modules/next": {
      "version": "13.1.5",
      "resolved": "https://registry.npmjs.org/next/-/next-13.1.5.tgz",
      "integrity": "sha512-rmpYZFCxxWAi2nJCT9sSqMLGC3cu+Pf689hx9clcyP0KbVIhh/7Dus5QcKrVd/PrAd6AjsuogSRR1mCP7BoYRw==",
      "dependencies": {
        "@next/env": "13.1.5",
        "@swc/helpers": "0.4.14",
        "caniuse-lite": "^1.0.30001406",
        "postcss": "8.4.14",
        "styled-jsx": "5.1.1"
      },
      "bin": {
        "next": "dist/bin/next"
      },
      "engines": {
        "node": ">=14.6.0"
      },
      "optionalDependencies": {
        "@next/swc-android-arm-eabi": "13.1.5",
        "@next/swc-android-arm64": "13.1.5",
        "@next/swc-darwin-arm64": "13.1.5",
        "@next/swc-darwin-x64": "13.1.5",
        "@next/swc-freebsd-x64": "13.1.5",
        "@next/swc-linux-arm-gnueabihf": "13.1.5",
        "@next/swc-linux-arm64-gnu": "13.1.5",
        "@next/swc-linux-arm64-musl": "13.1.5",
        "@next/swc-linux-x64-gnu": "13.1.5",
        "@next/swc-linux-x64-musl": "13.1.5",
        "@next/swc-win32-arm64-msvc": "13.1.5",
        "@next/swc-win32-ia32-msvc": "13.1.5",
        "@next/swc-win32-x64-msvc": "13.1.5"
      },
      "peerDependencies": {
        "fibers": ">= 3.1.0",
        "node-sass": "^6.0.0 || ^7.0.0",
        "react": "^18.2.0",
        "react-dom": "^18.2.0",
        "sass": "^1.3.0"
      },
      "peerDependenciesMeta": {
        "fibers": {
          "optional": true
        },
        "node-sass": {
          "optional": true
        },
        "sass": {
          "optional": true
        }
      }
    },
    "node_modules/next-i18next": {
      "version": "13.2.2",
      "resolved": "https://registry.npmjs.org/next-i18next/-/next-i18next-13.2.2.tgz",
      "integrity": "sha512-t0WU6K+HJoq2nVQ0n6OiiEZja9GyMqtDSU74FmOafgk4ljns+iZ18bsNJiI8rOUXfFfkW96ea1N7D5kbMyT+PA==",
      "funding": [
        {
          "type": "individual",
          "url": "https://locize.com/i18next.html"
        },
        {
          "type": "individual",
          "url": "https://www.i18next.com/how-to/faq#i18next-is-awesome.-how-can-i-support-the-project"
        },
        {
          "type": "individual",
          "url": "https://locize.com"
        }
      ],
      "dependencies": {
        "@babel/runtime": "^7.20.13",
        "@types/hoist-non-react-statics": "^3.3.1",
        "core-js": "^3",
        "hoist-non-react-statics": "^3.3.2",
        "i18next-fs-backend": "^2.1.1"
      },
      "engines": {
        "node": ">=14"
      },
      "peerDependencies": {
        "i18next": "^22.0.6",
        "next": ">= 12.0.0",
        "react": ">= 17.0.2",
        "react-i18next": "^12.2.0"
      }
    },
    "node_modules/picocolors": {
      "version": "1.0.0",
      "resolved": "https://registry.npmjs.org/picocolors/-/picocolors-1.0.0.tgz",
      "integrity": "sha512-1fygroTLlHu66zi26VoTDv8yRgm0Fccecssto+MhsZ0D/DGW2sm8E8AjW7NU5VVTRt5GxbeZ5qBuJr+HyLYkjQ=="
    },
    "node_modules/postcss": {
      "version": "8.4.14",
      "resolved": "https://registry.npmjs.org/postcss/-/postcss-8.4.14.tgz",
      "integrity": "sha512-E398TUmfAYFPBSdzgeieK2Y1+1cpdxJx8yXbK/m57nRhKSmk1GB2tO4lbLBtlkfPQTDKfe4Xqv1ASWPpayPEig==",
      "funding": [
        {
          "type": "opencollective",
          "url": "https://opencollective.com/postcss/"
        },
        {
          "type": "tidelift",
          "url": "https://tidelift.com/funding/github/npm/postcss"
        }
      ],
      "dependencies": {
        "nanoid": "^3.3.4",
        "picocolors": "^1.0.0",
        "source-map-js": "^1.0.2"
      },
      "engines": {
        "node": "^10 || ^12 || >=14"
      }
    },
    "node_modules/react": {
      "version": "18.2.0",
      "resolved": "https://registry.npmjs.org/react/-/react-18.2.0.tgz",
      "integrity": "sha512-/3IjMdb2L9QbBdWiW5e3P2/npwMBaU9mHCSCUzNln0ZCYbcfTsGbTJrU/kGemdH2IWmB2ioZ+zkxtmq6g09fGQ==",
      "dependencies": {
        "loose-envify": "^1.1.0"
      },
      "engines": {
        "node": ">=0.10.0"
      }
    },
    "node_modules/react-chartjs-2": {
      "version": "5.2.0",
      "resolved": "https://registry.npmjs.org/react-chartjs-2/-/react-chartjs-2-5.2.0.tgz",
      "integrity": "sha512-98iN5aguJyVSxp5U3CblRLH67J8gkfyGNbiK3c+l1QI/G4irHMPQw44aEPmjVag+YKTyQ260NcF82GTQ3bdscA==",
      "peerDependencies": {
        "chart.js": "^4.1.1",
        "react": "^16.8.0 || ^17.0.0 || ^18.0.0"
      }
    },
    "node_modules/react-dom": {
      "version": "18.2.0",
      "resolved": "https://registry.npmjs.org/react-dom/-/react-dom-18.2.0.tgz",
      "integrity": "sha512-6IMTriUmvsjHUjNtEDudZfuDQUoWXVxKHhlEGSk81n4YFS+r/Kl99wXiwlVXtPBtJenozv2P+hxDsw9eA7Xo6g==",
      "dependencies": {
        "loose-envify": "^1.1.0",
        "scheduler": "^0.23.0"
      },
      "peerDependencies": {
        "react": "^18.2.0"
      }
    },
    "node_modules/react-i18next": {
      "version": "12.2.2",
      "resolved": "https://registry.npmjs.org/react-i18next/-/react-i18next-12.2.2.tgz",
      "integrity": "sha512-KBB6buBmVKXUWNxXHdnthp+38gPyBT46hJCAIQ8rX19NFL/m2ahte2KARfIDf2tMnSAL7wwck6eDOd/9zn6aFg==",
      "peer": true,
      "dependencies": {
        "@babel/runtime": "^7.20.6",
        "html-parse-stringify": "^3.0.1"
      },
      "peerDependencies": {
        "i18next": ">= 19.0.0",
        "react": ">= 16.8.0"
      },
      "peerDependenciesMeta": {
        "react-dom": {
          "optional": true
        },
        "react-native": {
          "optional": true
        }
      }
    },
    "node_modules/react-intl": {
      "version": "6.4.2",
      "resolved": "https://registry.npmjs.org/react-intl/-/react-intl-6.4.2.tgz",
      "integrity": "sha512-q8QyLZfbyqV3Ifa7vtjRrgfSQPGTR6Fi+u9tP/CuzhUPl9DJEPIrvUFhlBryKtRW2qNASqchaP/79Obip+h6oA==",
      "dependencies": {
        "@formatjs/ecma402-abstract": "1.15.0",
        "@formatjs/icu-messageformat-parser": "2.4.0",
        "@formatjs/intl": "2.7.2",
        "@formatjs/intl-displaynames": "6.3.2",
        "@formatjs/intl-listformat": "7.2.2",
        "@types/hoist-non-react-statics": "^3.3.1",
        "@types/react": "16 || 17 || 18",
        "hoist-non-react-statics": "^3.3.2",
        "intl-messageformat": "10.3.5",
        "tslib": "^2.4.0"
      },
      "peerDependencies": {
        "react": "^16.6.0 || 17 || 18",
        "typescript": "^4.7 || 5"
      },
      "peerDependenciesMeta": {
        "typescript": {
          "optional": true
        }
      }
    },
    "node_modules/react-is": {
      "version": "16.13.1",
      "resolved": "https://registry.npmjs.org/react-is/-/react-is-16.13.1.tgz",
      "integrity": "sha512-24e6ynE2H+OKt4kqsOvNd8kBpV65zoxbA4BVsEOB3ARVWQki/DHzaUoC5KuON/BiccDaCCTZBuOcfZs70kR8bQ=="
    },
    "node_modules/regenerator-runtime": {
      "version": "0.13.11",
      "resolved": "https://registry.npmjs.org/regenerator-runtime/-/regenerator-runtime-0.13.11.tgz",
      "integrity": "sha512-kY1AZVr2Ra+t+piVaJ4gxaFaReZVH40AKNo7UCX6W+dEwBo/2oZJzqfuN1qLq1oL45o56cPaTXELwrTh8Fpggg=="
    },
    "node_modules/scheduler": {
      "version": "0.23.0",
      "resolved": "https://registry.npmjs.org/scheduler/-/scheduler-0.23.0.tgz",
      "integrity": "sha512-CtuThmgHNg7zIZWAXi3AsyIzA3n4xx7aNyjwC2VJldO2LMVDhFK+63xGqq6CsJH4rTAt6/M+N4GhZiDYPx9eUw==",
      "dependencies": {
        "loose-envify": "^1.1.0"
      }
    },
    "node_modules/source-map-js": {
      "version": "1.0.2",
      "resolved": "https://registry.npmjs.org/source-map-js/-/source-map-js-1.0.2.tgz",
      "integrity": "sha512-R0XvVJ9WusLiqTCEiGCmICCMplcCkIwwR11mOSD9CR5u+IXYdiseeEuXCVAjS54zqwkLcPNnmU4OeJ6tUrWhDw==",
      "engines": {
        "node": ">=0.10.0"
      }
    },
    "node_modules/styled-jsx": {
      "version": "5.1.1",
      "resolved": "https://registry.npmjs.org/styled-jsx/-/styled-jsx-5.1.1.tgz",
      "integrity": "sha512-pW7uC1l4mBZ8ugbiZrcIsiIvVx1UmTfw7UkC3Um2tmfUq9Bhk8IiyEIPl6F8agHgjzku6j0xQEZbfA5uSgSaCw==",
      "dependencies": {
        "client-only": "0.0.1"
      },
      "engines": {
        "node": ">= 12.0.0"
      },
      "peerDependencies": {
        "react": ">= 16.8.0 || 17.x.x || ^18.0.0-0"
      },
      "peerDependenciesMeta": {
        "@babel/core": {
          "optional": true
        },
        "babel-plugin-macros": {
          "optional": true
        }
      }
    },
    "node_modules/tslib": {
      "version": "2.5.0",
      "resolved": "https://registry.npmjs.org/tslib/-/tslib-2.5.0.tgz",
      "integrity": "sha512-336iVw3rtn2BUK7ORdIAHTyxHGRIHVReokCR3XjbckJMK7ms8FysBfhLR8IXnAgy7T0PTPNBWKiH514FOW/WSg=="
    },
    "node_modules/void-elements": {
      "version": "3.1.0",
      "resolved": "https://registry.npmjs.org/void-elements/-/void-elements-3.1.0.tgz",
      "integrity": "sha512-Dhxzh5HZuiHQhbvTW9AMetFfBHDMYpo23Uo9btPXgdYP+3T5S+p+jgNy7spra+veYhBP2dCSgxR/i2Y02h5/6w==",
      "peer": true,
      "engines": {
        "node": ">=0.10.0"
      }
    }
  },
  "dependencies": {
    "@babel/runtime": {
      "version": "7.21.5",
      "resolved": "https://registry.npmjs.org/@babel/runtime/-/runtime-7.21.5.tgz",
      "integrity": "sha512-8jI69toZqqcsnqGGqwGS4Qb1VwLOEp4hz+CXPywcvjs60u3B4Pom/U/7rm4W8tMOYEB+E9wgD0mW1l3r8qlI9Q==",
      "requires": {
        "regenerator-runtime": "^0.13.11"
      }
    },
    "@emotion/is-prop-valid": {
      "version": "0.8.8",
      "resolved": "https://registry.npmjs.org/@emotion/is-prop-valid/-/is-prop-valid-0.8.8.tgz",
      "integrity": "sha512-u5WtneEAr5IDG2Wv65yhunPSMLIpuKsbuOktRojfrEiEvRyC85LgPMZI63cr7NUqT8ZIGdSVg8ZKGxIug4lXcA==",
      "optional": true,
      "requires": {
        "@emotion/memoize": "0.7.4"
      }
    },
    "@emotion/memoize": {
      "version": "0.7.4",
      "resolved": "https://registry.npmjs.org/@emotion/memoize/-/memoize-0.7.4.tgz",
      "integrity": "sha512-Ja/Vfqe3HpuzRsG1oBtWTHk2PGZ7GR+2Vz5iYGelAw8dx32K0y7PjVuxK6z1nMpZOqAFsRUPCkK1YjJ56qJlgw==",
      "optional": true
    },
    "@formatjs/ecma402-abstract": {
      "version": "1.15.0",
      "resolved": "https://registry.npmjs.org/@formatjs/ecma402-abstract/-/ecma402-abstract-1.15.0.tgz",
      "integrity": "sha512-7bAYAv0w4AIao9DNg0avfOLTCPE9woAgs6SpXuMq11IN3A+l+cq8ghczwqSZBM11myvPSJA7vLn72q0rJ0QK6Q==",
      "requires": {
        "@formatjs/intl-localematcher": "0.2.32",
        "tslib": "^2.4.0"
      }
    },
    "@formatjs/fast-memoize": {
      "version": "2.0.1",
      "resolved": "https://registry.npmjs.org/@formatjs/fast-memoize/-/fast-memoize-2.0.1.tgz",
      "integrity": "sha512-M2GgV+qJn5WJQAYewz7q2Cdl6fobQa69S1AzSM2y0P68ZDbK5cWrJIcPCO395Of1ksftGZoOt4LYCO/j9BKBSA==",
      "requires": {
        "tslib": "^2.4.0"
      }
    },
    "@formatjs/icu-messageformat-parser": {
      "version": "2.4.0",
      "resolved": "https://registry.npmjs.org/@formatjs/icu-messageformat-parser/-/icu-messageformat-parser-2.4.0.tgz",
      "integrity": "sha512-6Dh5Z/gp4F/HovXXu/vmd0If5NbYLB5dZrmhWVNb+BOGOEU3wt7Z/83KY1dtd7IDhAnYHasbmKE1RbTE0J+3hw==",
      "requires": {
        "@formatjs/ecma402-abstract": "1.15.0",
        "@formatjs/icu-skeleton-parser": "1.4.0",
        "tslib": "^2.4.0"
      }
    },
    "@formatjs/icu-skeleton-parser": {
      "version": "1.4.0",
      "resolved": "https://registry.npmjs.org/@formatjs/icu-skeleton-parser/-/icu-skeleton-parser-1.4.0.tgz",
      "integrity": "sha512-Qq347VM616rVLkvN6QsKJELazRyNlbCiN47LdH0Mc5U7E2xV0vatiVhGqd3KFgbc055BvtnUXR7XX60dCGFuWg==",
      "requires": {
        "@formatjs/ecma402-abstract": "1.15.0",
        "tslib": "^2.4.0"
      }
    },
    "@formatjs/intl": {
      "version": "2.7.2",
      "resolved": "https://registry.npmjs.org/@formatjs/intl/-/intl-2.7.2.tgz",
      "integrity": "sha512-ziiQfnXwY0/rXhtohSAmYMqDjRsihoMKdl8H2aA+FvxG9638E0XrvfBFCb+1HhimNiuqRz5fTY7F/bZtsJxsjA==",
      "requires": {
        "@formatjs/ecma402-abstract": "1.15.0",
        "@formatjs/fast-memoize": "2.0.1",
        "@formatjs/icu-messageformat-parser": "2.4.0",
        "@formatjs/intl-displaynames": "6.3.2",
        "@formatjs/intl-listformat": "7.2.2",
        "intl-messageformat": "10.3.5",
        "tslib": "^2.4.0"
      }
    },
    "@formatjs/intl-displaynames": {
      "version": "6.3.2",
      "resolved": "https://registry.npmjs.org/@formatjs/intl-displaynames/-/intl-displaynames-6.3.2.tgz",
      "integrity": "sha512-kBOh0O7QYKLUqaZujLSEF2+au017plPp63R6Hrokl+oDtLyTt9y9pEuCTbOKh/P8CC9THnDLKRKgeVWZw5Ek8A==",
      "requires": {
        "@formatjs/ecma402-abstract": "1.15.0",
        "@formatjs/intl-localematcher": "0.2.32",
        "tslib": "^2.4.0"
      }
    },
    "@formatjs/intl-listformat": {
      "version": "7.2.2",
      "resolved": "https://registry.npmjs.org/@formatjs/intl-listformat/-/intl-listformat-7.2.2.tgz",
      "integrity": "sha512-YIruRGwUrmgVOXjWi6VbwPcRNBkEfgK2DFjyyqopCmpfJ+39vnl46oLpVchErnuXs6kkARy5GcGaGV7xRsH4lw==",
      "requires": {
        "@formatjs/ecma402-abstract": "1.15.0",
        "@formatjs/intl-localematcher": "0.2.32",
        "tslib": "^2.4.0"
      }
    },
    "@formatjs/intl-localematcher": {
      "version": "0.2.32",
      "resolved": "https://registry.npmjs.org/@formatjs/intl-localematcher/-/intl-localematcher-0.2.32.tgz",
      "integrity": "sha512-k/MEBstff4sttohyEpXxCmC3MqbUn9VvHGlZ8fauLzkbwXmVrEeyzS+4uhrvAk9DWU9/7otYWxyDox4nT/KVLQ==",
      "requires": {
        "tslib": "^2.4.0"
      }
    },
    "@kurkle/color": {
      "version": "0.3.2",
      "resolved": "https://registry.npmjs.org/@kurkle/color/-/color-0.3.2.tgz",
      "integrity": "sha512-fuscdXJ9G1qb7W8VdHi+IwRqij3lBkosAm4ydQtEmbY58OzHXqQhvlxqEkoz0yssNVn38bcpRWgA9PP+OGoisw==",
      "peer": true
    },
    "@next/env": {
      "version": "13.1.5",
      "resolved": "https://registry.npmjs.org/@next/env/-/env-13.1.5.tgz",
      "integrity": "sha512-0Ry4NhJy6qLbXhvxPRUQ1H6RzgtryGdUto7hfgAK0Iw/bScgeVjwLZdfhm2iT7qsOS32apo9cWzLCxjc6iGPsA=="
    },
    "@next/font": {
      "version": "13.1.5",
      "resolved": "https://registry.npmjs.org/@next/font/-/font-13.1.5.tgz",
      "integrity": "sha512-6M5R6yC3JkdJiqo/YJxDp6+0vDn0smXOAzl8uHt4qmDS2u53ji/19K0HM51d+5kg8xntDi+N2hw7YjaU9inkNA=="
    },
    "@next/swc-android-arm-eabi": {
      "version": "13.1.5",
      "resolved": "https://registry.npmjs.org/@next/swc-android-arm-eabi/-/swc-android-arm-eabi-13.1.5.tgz",
      "integrity": "sha512-QAEf3YM9U0qWVQTxgF3Tsh4OeCN1i9Smsf6cVlwZsPzoLyj2nQ879joCoN+ONqDknkBgG6OG/ajefywL3jw9Cg==",
      "optional": true
    },
    "@next/swc-android-arm64": {
      "version": "13.1.5",
      "resolved": "https://registry.npmjs.org/@next/swc-android-arm64/-/swc-android-arm64-13.1.5.tgz",
      "integrity": "sha512-ZmtGPTghRuT5YKL0nNcC2bBVSiG1O0is16eIZ2rWSP/hRW64ZCcAew6pxw2rihntNp22UfequjSTHd91WE/tyQ==",
      "optional": true
    },
    "@next/swc-darwin-arm64": {
      "version": "13.1.5",
      "resolved": "https://registry.npmjs.org/@next/swc-darwin-arm64/-/swc-darwin-arm64-13.1.5.tgz",
      "integrity": "sha512-aeFXK+M/zmG/CNdMJ0tGNs0MWcLueUe7vZ2V6fa+2yz/ZgYJLI7fEfFvVh1p1yBMzupSbZDowvMuCSFTaeg3MA==",
      "optional": true
    },
    "@next/swc-darwin-x64": {
      "version": "13.1.5",
      "resolved": "https://registry.npmjs.org/@next/swc-darwin-x64/-/swc-darwin-x64-13.1.5.tgz",
      "integrity": "sha512-6mPX0GNRg8NzjV70at8I8pD9YBnPHDpxJCoMuIqysdTjtQhd09Xk6GUhquNhp1kEJzzVk7OW5l2ch4XIJjtY3A==",
      "optional": true
    },
    "@next/swc-freebsd-x64": {
      "version": "13.1.5",
      "resolved": "https://registry.npmjs.org/@next/swc-freebsd-x64/-/swc-freebsd-x64-13.1.5.tgz",
      "integrity": "sha512-nR4a/SNblG0w8hhYRflTZjk4yD99ld18w/FCftw99ziw8sgciBlOXRICJIiRIaMRU8UH7QLSgBOQVnfNcVNKMA==",
      "optional": true
    },
    "@next/swc-linux-arm-gnueabihf": {
      "version": "13.1.5",
      "resolved": "https://registry.npmjs.org/@next/swc-linux-arm-gnueabihf/-/swc-linux-arm-gnueabihf-13.1.5.tgz",
      "integrity": "sha512-EzkltCVKg3gUzamoeKPhGeSgXTTLAhSzc7v/+g1Y+HQa7JKMrlzdRkrJf+H4LJXcz7lnxgNKHGRyZBSXnmJKJw==",
      "optional": true
    },
    "@next/swc-linux-arm64-gnu": {
      "version": "13.1.5",
      "resolved": "https://registry.npmjs.org/@next/swc-linux-arm64-gnu/-/swc-linux-arm64-gnu-13.1.5.tgz",
      "integrity": "sha512-E7HMkdoxStmTUJU4KzBUU4vZ5DHT4Gd327tC3KFZS5lda0NRerJAOCfsRg+fBj22FvCb1UWsX6XI+weL6xhyeQ==",
      "optional": true
    },
    "@next/swc-linux-arm64-musl": {
      "version": "13.1.5",
      "resolved": "https://registry.npmjs.org/@next/swc-linux-arm64-musl/-/swc-linux-arm64-musl-13.1.5.tgz",
      "integrity": "sha512-qlO0Fd3GQwJS6YpbF9NyL5NGHVZ43dKtZDC/jP4vdeMIYDtSu13HcY/nmA1NdW+RpMwDxSCpx4WKsCCEZGIX8Q==",
      "optional": true
    },
    "@next/swc-linux-x64-gnu": {
      "version": "13.1.5",
      "resolved": "https://registry.npmjs.org/@next/swc-linux-x64-gnu/-/swc-linux-x64-gnu-13.1.5.tgz",
      "integrity": "sha512-GftSBFAay2nocGl+KNqFsj6EVSvomaM/bp86hzezbKsTwQmu76PjOCVcejI1gE+4k7f5zPDgCuorF6F04BV0HQ==",
      "optional": true
    },
    "@next/swc-linux-x64-musl": {
      "version": "13.1.5",
      "resolved": "https://registry.npmjs.org/@next/swc-linux-x64-musl/-/swc-linux-x64-musl-13.1.5.tgz",
      "integrity": "sha512-UD+3lxU4yuAjd+uBkCDfBpAcbGAVfEcE8mX/efIxUGIImmzN0QzgTHYEpKFnY3Lxu02dIBcwQRT3Q5mfO4obng==",
      "optional": true
    },
    "@next/swc-win32-arm64-msvc": {
      "version": "13.1.5",
      "resolved": "https://registry.npmjs.org/@next/swc-win32-arm64-msvc/-/swc-win32-arm64-msvc-13.1.5.tgz",
      "integrity": "sha512-uzsvkQY+K3EbL+97IUHPWZPwjsCmCkdH/O5Cf9wCnh0k0gaj7ob1mGKqr1vNNak+9U7HloGwuHcXnZpijWSP7w==",
      "optional": true
    },
    "@next/swc-win32-ia32-msvc": {
      "version": "13.1.5",
      "resolved": "https://registry.npmjs.org/@next/swc-win32-ia32-msvc/-/swc-win32-ia32-msvc-13.1.5.tgz",
      "integrity": "sha512-v0NaC1w8mPf620GlJaHBdEm3dm4G4AEQMasDqjzQvo0yCRrvtvzMgCIe8MocBxFHzaF6868NybMqvumxP5YxEg==",
      "optional": true
    },
    "@next/swc-win32-x64-msvc": {
      "version": "13.1.5",
      "resolved": "https://registry.npmjs.org/@next/swc-win32-x64-msvc/-/swc-win32-x64-msvc-13.1.5.tgz",
      "integrity": "sha512-IZHwvd649ccbWyLCfu92IXEpR250NpmBkaRelPV+WVm4jrd62FKRFCNdqdCXq6TrEg9wN8cK4YG8tm44uEZqLA==",
      "optional": true
    },
    "@swc/helpers": {
      "version": "0.4.14",
      "resolved": "https://registry.npmjs.org/@swc/helpers/-/helpers-0.4.14.tgz",
      "integrity": "sha512-4C7nX/dvpzB7za4Ql9K81xK3HPxCpHMgwTZVyf+9JQ6VUbn9jjZVN7/Nkdz/Ugzs2CSjqnL/UPXroiVBVHUWUw==",
      "requires": {
        "tslib": "^2.4.0"
      }
    },
    "@types/hoist-non-react-statics": {
      "version": "3.3.1",
      "resolved": "https://registry.npmjs.org/@types/hoist-non-react-statics/-/hoist-non-react-statics-3.3.1.tgz",
      "integrity": "sha512-iMIqiko6ooLrTh1joXodJK5X9xeEALT1kM5G3ZLhD3hszxBdIEd5C75U834D9mLcINgD4OyZf5uQXjkuYydWvA==",
      "requires": {
        "@types/react": "*",
        "hoist-non-react-statics": "^3.3.0"
      }
    },
    "@types/prop-types": {
      "version": "15.7.5",
      "resolved": "https://registry.npmjs.org/@types/prop-types/-/prop-types-15.7.5.tgz",
      "integrity": "sha512-JCB8C6SnDoQf0cNycqd/35A7MjcnK+ZTqE7judS6o7utxUCg6imJg3QK2qzHKszlTjcj2cn+NwMB2i96ubpj7w=="
    },
    "@types/react": {
      "version": "18.2.6",
      "resolved": "https://registry.npmjs.org/@types/react/-/react-18.2.6.tgz",
      "integrity": "sha512-wRZClXn//zxCFW+ye/D2qY65UsYP1Fpex2YXorHc8awoNamkMZSvBxwxdYVInsHOZZd2Ppq8isnSzJL5Mpf8OA==",
      "requires": {
        "@types/prop-types": "*",
        "@types/scheduler": "*",
        "csstype": "^3.0.2"
      }
    },
    "@types/scheduler": {
      "version": "0.16.3",
      "resolved": "https://registry.npmjs.org/@types/scheduler/-/scheduler-0.16.3.tgz",
      "integrity": "sha512-5cJ8CB4yAx7BH1oMvdU0Jh9lrEXyPkar6F9G/ERswkCuvP4KQZfZkSjcMbAICCpQTN4OuZn8tz0HiKv9TGZgrQ=="
    },
    "caniuse-lite": {
      "version": "1.0.30001449",
      "resolved": "https://registry.npmjs.org/caniuse-lite/-/caniuse-lite-1.0.30001449.tgz",
      "integrity": "sha512-CPB+UL9XMT/Av+pJxCKGhdx+yg1hzplvFJQlJ2n68PyQGMz9L/E2zCyLdOL8uasbouTUgnPl+y0tccI/se+BEw=="
    },
    "chart.js": {
      "version": "4.2.1",
      "resolved": "https://registry.npmjs.org/chart.js/-/chart.js-4.2.1.tgz",
      "integrity": "sha512-6YbpQ0nt3NovAgOzbkSSeeAQu/3za1319dPUQTXn9WcOpywM8rGKxJHrhS8V8xEkAlk8YhEfjbuAPfUyp6jIsw==",
      "peer": true,
      "requires": {
        "@kurkle/color": "^0.3.0"
      }
    },
    "client-only": {
      "version": "0.0.1",
      "resolved": "https://registry.npmjs.org/client-only/-/client-only-0.0.1.tgz",
      "integrity": "sha512-IV3Ou0jSMzZrd3pZ48nLkT9DA7Ag1pnPzaiQhpW7c3RbcqqzvzzVu+L8gfqMp/8IM2MQtSiqaCxrrcfu8I8rMA=="
    },
    "core-js": {
      "version": "3.30.2",
      "resolved": "https://registry.npmjs.org/core-js/-/core-js-3.30.2.tgz",
      "integrity": "sha512-uBJiDmwqsbJCWHAwjrx3cvjbMXP7xD72Dmsn5LOJpiRmE3WbBbN5rCqQ2Qh6Ek6/eOrjlWngEynBWo4VxerQhg=="
    },
    "csstype": {
      "version": "3.1.2",
      "resolved": "https://registry.npmjs.org/csstype/-/csstype-3.1.2.tgz",
      "integrity": "sha512-I7K1Uu0MBPzaFKg4nI5Q7Vs2t+3gWWW648spaF+Rg7pI9ds18Ugn+lvg4SHczUdKlHI5LWBXyqfS8+DufyBsgQ=="
    },
    "framer-motion": {
      "version": "10.11.2",
      "resolved": "https://registry.npmjs.org/framer-motion/-/framer-motion-10.11.2.tgz",
      "integrity": "sha512-IrwuC9regNOU99JoM/Z62CAMA3awGV6AcF7e3bcgXk/ZoNlGSt5aVq0J7UAwtLmCkwVlRvBkiMnvv2mZ1GW2pg==",
      "requires": {
        "@emotion/is-prop-valid": "^0.8.2",
        "tslib": "^2.4.0"
      }
    },
    "hoist-non-react-statics": {
      "version": "3.3.2",
      "resolved": "https://registry.npmjs.org/hoist-non-react-statics/-/hoist-non-react-statics-3.3.2.tgz",
      "integrity": "sha512-/gGivxi8JPKWNm/W0jSmzcMPpfpPLc3dY/6GxhX2hQ9iGj3aDfklV4ET7NjKpSinLpJ5vafa9iiGIEZg10SfBw==",
      "requires": {
        "react-is": "^16.7.0"
      }
    },
    "html-parse-stringify": {
      "version": "3.0.1",
      "resolved": "https://registry.npmjs.org/html-parse-stringify/-/html-parse-stringify-3.0.1.tgz",
      "integrity": "sha512-KknJ50kTInJ7qIScF3jeaFRpMpE8/lfiTdzf/twXyPBLAGrLRTmkz3AdTnKeh40X8k9L2fdYwEp/42WGXIRGcg==",
      "peer": true,
      "requires": {
        "void-elements": "3.1.0"
      }
    },
    "i18next": {
      "version": "22.4.15",
      "resolved": "https://registry.npmjs.org/i18next/-/i18next-22.4.15.tgz",
      "integrity": "sha512-yYudtbFrrmWKLEhl6jvKUYyYunj4bTBCe2qIUYAxbXoPusY7YmdwPvOE6fx6UIfWvmlbCWDItr7wIs8KEBZ5Zg==",
      "peer": true,
      "requires": {
        "@babel/runtime": "^7.20.6"
      }
    },
    "i18next-fs-backend": {
      "version": "2.1.1",
      "resolved": "https://registry.npmjs.org/i18next-fs-backend/-/i18next-fs-backend-2.1.1.tgz",
      "integrity": "sha512-FTnj+UmNgT3YRml5ruRv0jMZDG7odOL/OP5PF5mOqvXud2vHrPOOs68Zdk6iqzL47cnnM0ZVkK2BAvpFeDJToA=="
    },
    "intl-messageformat": {
      "version": "10.3.5",
      "resolved": "https://registry.npmjs.org/intl-messageformat/-/intl-messageformat-10.3.5.tgz",
      "integrity": "sha512-6kPkftF8Jg3XJCkGKa5OD+nYQ+qcSxF4ZkuDdXZ6KGG0VXn+iblJqRFyDdm9VvKcMyC0Km2+JlVQffFM52D0YA==",
      "requires": {
        "@formatjs/ecma402-abstract": "1.15.0",
        "@formatjs/fast-memoize": "2.0.1",
        "@formatjs/icu-messageformat-parser": "2.4.0",
        "tslib": "^2.4.0"
      }
    },
    "js-tokens": {
      "version": "4.0.0",
      "resolved": "https://registry.npmjs.org/js-tokens/-/js-tokens-4.0.0.tgz",
      "integrity": "sha512-RdJUflcE3cUzKiMqQgsCu06FPu9UdIJO0beYbPhHN4k6apgJtifcoCtT9bcxOpYBtpD2kCM6Sbzg4CausW/PKQ=="
    },
    "loose-envify": {
      "version": "1.4.0",
      "resolved": "https://registry.npmjs.org/loose-envify/-/loose-envify-1.4.0.tgz",
      "integrity": "sha512-lyuxPGr/Wfhrlem2CL/UcnUc1zcqKAImBDzukY7Y5F/yQiNdko6+fRLevlw1HgMySw7f611UIY408EtxRSoK3Q==",
      "requires": {
        "js-tokens": "^3.0.0 || ^4.0.0"
      }
    },
    "nanoid": {
      "version": "3.3.4",
      "resolved": "https://registry.npmjs.org/nanoid/-/nanoid-3.3.4.tgz",
      "integrity": "sha512-MqBkQh/OHTS2egovRtLk45wEyNXwF+cokD+1YPf9u5VfJiRdAiRwB2froX5Co9Rh20xs4siNPm8naNotSD6RBw=="
    },
    "next": {
      "version": "13.1.5",
      "resolved": "https://registry.npmjs.org/next/-/next-13.1.5.tgz",
      "integrity": "sha512-rmpYZFCxxWAi2nJCT9sSqMLGC3cu+Pf689hx9clcyP0KbVIhh/7Dus5QcKrVd/PrAd6AjsuogSRR1mCP7BoYRw==",
      "requires": {
        "@next/env": "13.1.5",
        "@next/swc-android-arm-eabi": "13.1.5",
        "@next/swc-android-arm64": "13.1.5",
        "@next/swc-darwin-arm64": "13.1.5",
        "@next/swc-darwin-x64": "13.1.5",
        "@next/swc-freebsd-x64": "13.1.5",
        "@next/swc-linux-arm-gnueabihf": "13.1.5",
        "@next/swc-linux-arm64-gnu": "13.1.5",
        "@next/swc-linux-arm64-musl": "13.1.5",
        "@next/swc-linux-x64-gnu": "13.1.5",
        "@next/swc-linux-x64-musl": "13.1.5",
        "@next/swc-win32-arm64-msvc": "13.1.5",
        "@next/swc-win32-ia32-msvc": "13.1.5",
        "@next/swc-win32-x64-msvc": "13.1.5",
        "@swc/helpers": "0.4.14",
        "caniuse-lite": "^1.0.30001406",
        "postcss": "8.4.14",
        "styled-jsx": "5.1.1"
      }
    },
    "next-i18next": {
      "version": "13.2.2",
      "resolved": "https://registry.npmjs.org/next-i18next/-/next-i18next-13.2.2.tgz",
      "integrity": "sha512-t0WU6K+HJoq2nVQ0n6OiiEZja9GyMqtDSU74FmOafgk4ljns+iZ18bsNJiI8rOUXfFfkW96ea1N7D5kbMyT+PA==",
      "requires": {
        "@babel/runtime": "^7.20.13",
        "@types/hoist-non-react-statics": "^3.3.1",
        "core-js": "^3",
        "hoist-non-react-statics": "^3.3.2",
        "i18next-fs-backend": "^2.1.1"
      }
    },
    "picocolors": {
      "version": "1.0.0",
      "resolved": "https://registry.npmjs.org/picocolors/-/picocolors-1.0.0.tgz",
      "integrity": "sha512-1fygroTLlHu66zi26VoTDv8yRgm0Fccecssto+MhsZ0D/DGW2sm8E8AjW7NU5VVTRt5GxbeZ5qBuJr+HyLYkjQ=="
    },
    "postcss": {
      "version": "8.4.14",
      "resolved": "https://registry.npmjs.org/postcss/-/postcss-8.4.14.tgz",
      "integrity": "sha512-E398TUmfAYFPBSdzgeieK2Y1+1cpdxJx8yXbK/m57nRhKSmk1GB2tO4lbLBtlkfPQTDKfe4Xqv1ASWPpayPEig==",
      "requires": {
        "nanoid": "^3.3.4",
        "picocolors": "^1.0.0",
        "source-map-js": "^1.0.2"
      }
    },
    "react": {
      "version": "18.2.0",
      "resolved": "https://registry.npmjs.org/react/-/react-18.2.0.tgz",
      "integrity": "sha512-/3IjMdb2L9QbBdWiW5e3P2/npwMBaU9mHCSCUzNln0ZCYbcfTsGbTJrU/kGemdH2IWmB2ioZ+zkxtmq6g09fGQ==",
      "requires": {
        "loose-envify": "^1.1.0"
      }
    },
    "react-chartjs-2": {
      "version": "5.2.0",
      "resolved": "https://registry.npmjs.org/react-chartjs-2/-/react-chartjs-2-5.2.0.tgz",
      "integrity": "sha512-98iN5aguJyVSxp5U3CblRLH67J8gkfyGNbiK3c+l1QI/G4irHMPQw44aEPmjVag+YKTyQ260NcF82GTQ3bdscA==",
      "requires": {}
    },
    "react-dom": {
      "version": "18.2.0",
      "resolved": "https://registry.npmjs.org/react-dom/-/react-dom-18.2.0.tgz",
      "integrity": "sha512-6IMTriUmvsjHUjNtEDudZfuDQUoWXVxKHhlEGSk81n4YFS+r/Kl99wXiwlVXtPBtJenozv2P+hxDsw9eA7Xo6g==",
      "requires": {
        "loose-envify": "^1.1.0",
        "scheduler": "^0.23.0"
      }
    },
    "react-i18next": {
      "version": "12.2.2",
      "resolved": "https://registry.npmjs.org/react-i18next/-/react-i18next-12.2.2.tgz",
      "integrity": "sha512-KBB6buBmVKXUWNxXHdnthp+38gPyBT46hJCAIQ8rX19NFL/m2ahte2KARfIDf2tMnSAL7wwck6eDOd/9zn6aFg==",
      "peer": true,
      "requires": {
        "@babel/runtime": "^7.20.6",
        "html-parse-stringify": "^3.0.1"
      }
    },
    "react-intl": {
      "version": "6.4.2",
      "resolved": "https://registry.npmjs.org/react-intl/-/react-intl-6.4.2.tgz",
      "integrity": "sha512-q8QyLZfbyqV3Ifa7vtjRrgfSQPGTR6Fi+u9tP/CuzhUPl9DJEPIrvUFhlBryKtRW2qNASqchaP/79Obip+h6oA==",
      "requires": {
        "@formatjs/ecma402-abstract": "1.15.0",
        "@formatjs/icu-messageformat-parser": "2.4.0",
        "@formatjs/intl": "2.7.2",
        "@formatjs/intl-displaynames": "6.3.2",
        "@formatjs/intl-listformat": "7.2.2",
        "@types/hoist-non-react-statics": "^3.3.1",
        "@types/react": "16 || 17 || 18",
        "hoist-non-react-statics": "^3.3.2",
        "intl-messageformat": "10.3.5",
        "tslib": "^2.4.0"
      }
    },
    "react-is": {
      "version": "16.13.1",
      "resolved": "https://registry.npmjs.org/react-is/-/react-is-16.13.1.tgz",
      "integrity": "sha512-24e6ynE2H+OKt4kqsOvNd8kBpV65zoxbA4BVsEOB3ARVWQki/DHzaUoC5KuON/BiccDaCCTZBuOcfZs70kR8bQ=="
    },
    "regenerator-runtime": {
      "version": "0.13.11",
      "resolved": "https://registry.npmjs.org/regenerator-runtime/-/regenerator-runtime-0.13.11.tgz",
      "integrity": "sha512-kY1AZVr2Ra+t+piVaJ4gxaFaReZVH40AKNo7UCX6W+dEwBo/2oZJzqfuN1qLq1oL45o56cPaTXELwrTh8Fpggg=="
    },
    "scheduler": {
      "version": "0.23.0",
      "resolved": "https://registry.npmjs.org/scheduler/-/scheduler-0.23.0.tgz",
      "integrity": "sha512-CtuThmgHNg7zIZWAXi3AsyIzA3n4xx7aNyjwC2VJldO2LMVDhFK+63xGqq6CsJH4rTAt6/M+N4GhZiDYPx9eUw==",
      "requires": {
        "loose-envify": "^1.1.0"
      }
    },
    "source-map-js": {
      "version": "1.0.2",
      "resolved": "https://registry.npmjs.org/source-map-js/-/source-map-js-1.0.2.tgz",
      "integrity": "sha512-R0XvVJ9WusLiqTCEiGCmICCMplcCkIwwR11mOSD9CR5u+IXYdiseeEuXCVAjS54zqwkLcPNnmU4OeJ6tUrWhDw=="
    },
    "styled-jsx": {
      "version": "5.1.1",
      "resolved": "https://registry.npmjs.org/styled-jsx/-/styled-jsx-5.1.1.tgz",
      "integrity": "sha512-pW7uC1l4mBZ8ugbiZrcIsiIvVx1UmTfw7UkC3Um2tmfUq9Bhk8IiyEIPl6F8agHgjzku6j0xQEZbfA5uSgSaCw==",
      "requires": {
        "client-only": "0.0.1"
      }
    },
    "tslib": {
      "version": "2.5.0",
      "resolved": "https://registry.npmjs.org/tslib/-/tslib-2.5.0.tgz",
      "integrity": "sha512-336iVw3rtn2BUK7ORdIAHTyxHGRIHVReokCR3XjbckJMK7ms8FysBfhLR8IXnAgy7T0PTPNBWKiH514FOW/WSg=="
    },
    "void-elements": {
      "version": "3.1.0",
      "resolved": "https://registry.npmjs.org/void-elements/-/void-elements-3.1.0.tgz",
      "integrity": "sha512-Dhxzh5HZuiHQhbvTW9AMetFfBHDMYpo23Uo9btPXgdYP+3T5S+p+jgNy7spra+veYhBP2dCSgxR/i2Y02h5/6w==",
      "peer": true
    }
  }
}
